<?xml version="1.0" encoding="utf-8"?>
<Project ToolsVersion="4.0" xmlns="http://schemas.microsoft.com/developer/msbuild/2003">
  <ItemGroup>
    <Filter Include="ソース">
      <UniqueIdentifier>{8c76d459-159a-4201-bee5-2a215a198edc}</UniqueIdentifier>
      <Extensions>cpp;c;cc;cxx;def;odl;idl;hpj;bat;asm;asmx</Extensions>
    </Filter>
    <Filter Include="ヘッダー">
      <UniqueIdentifier>{eff42ecb-f2b5-4ffa-a410-35262a970c69}</UniqueIdentifier>
      <Extensions>h;hpp;hxx;hm;inl;inc;xsd</Extensions>
    </Filter>
    <Filter Include="リソース">
      <UniqueIdentifier>{67aeaecd-a598-4481-82c7-8b980c68f08b}</UniqueIdentifier>
      <Extensions>rc;ico;cur;bmp;dlg;rc2;rct;bin;rgs;gif;jpg;jpeg;jpe;resx;tiff;tif;png;wav</Extensions>
    </Filter>
  </ItemGroup>
  <ItemGroup>
    <Image Include="icon.ico">
      <Filter>リソース</Filter>
    </Image>
  </ItemGroup>
  <ItemGroup>
    <ResourceCompile Include="resource.rc">
      <Filter>リソース</Filter>
    </ResourceCompile>
  </ItemGroup>
  <ItemGroup>
    <Text Include="LICENSE.txt" />
  </ItemGroup>
  <ItemGroup>
    <ClCompile Include="Main.cpp">
      <Filter>ソース</Filter>
    </ClCompile>
    <ClCompile Include="Player.cpp">
      <Filter>ソース</Filter>
    </ClCompile>
    <ClCompile Include="Image.cpp">
      <Filter>ソース</Filter>
    </ClCompile>
  </ItemGroup>
  <ItemGroup>
    <ClInclude Include="Player.h">
      <Filter>ヘッダー</Filter>
    </ClInclude>
    <ClInclude Include="Common.h">
      <Filter>ヘッダー</Filter>
    </ClInclude>
    <ClInclude Include="Image.h">
      <Filter>ヘッダー</Filter>
    </ClInclude>
    <ClInclude Include="CSVRead.h">
      <Filter>ヘッダー</Filter>
    </ClInclude>
  </ItemGroup>
</Project>